
Microsoft Visual Studio Solution File, Format Version 12.00
# Visual Studio Version 17
VisualStudioVersion = 17.0.31903.59
MinimumVisualStudioVersion = 10.0.40219.1
Project("{FAE04EC0-301F-11D3-BF4B-00C04F79EFBC}") = "AtlassianCli", "AtlassianCli.csproj", "{B70D2DFF-413C-4DC6-85EB-82028FCD23C8}"
EndProject
Project("{FAE04EC0-301F-11D3-BF4B-00C04F79EFBC}") = "AtlassianCli.Tests", "AtlassianCli.Tests\AtlassianCli.Tests.csproj", "{020BDC5C-C491-4588-A558-BA24841E115D}"
EndProject
Global
	GlobalSection(SolutionConfigurationPlatforms) = preSolution
		Debug|Any CPU = Debug|Any CPU
		Debug|x64 = Debug|x64
		Debug|x86 = Debug|x86
		Release|Any CPU = Release|Any CPU
		Release|x64 = Release|x64
		Release|x86 = Release|x86
	EndGlobalSection
	GlobalSection(ProjectConfigurationPlatforms) = postSolution
		{B70D2DFF-413C-4DC6-85EB-82028FCD23C8}.Debug|Any CPU.ActiveCfg = Debug|Any CPU
		{B70D2DFF-413C-4DC6-85EB-82028FCD23C8}.Debug|Any CPU.Build.0 = Debug|Any CPU
		{B70D2DFF-413C-4DC6-85EB-82028FCD23C8}.Debug|x64.ActiveCfg = Debug|Any CPU
		{B70D2DFF-413C-4DC6-85EB-82028FCD23C8}.Debug|x64.Build.0 = Debug|Any CPU
		{B70D2DFF-413C-4DC6-85EB-82028FCD23C8}.Debug|x86.ActiveCfg = Debug|Any CPU
		{B70D2DFF-413C-4DC6-85EB-82028FCD23C8}.Debug|x86.Build.0 = Debug|Any CPU
		{B70D2DFF-413C-4DC6-85EB-82028FCD23C8}.Release|Any CPU.ActiveCfg = Release|Any CPU
		{B70D2DFF-413C-4DC6-85EB-82028FCD23C8}.Release|Any CPU.Build.0 = Release|Any CPU
		{B70D2DFF-413C-4DC6-85EB-82028FCD23C8}.Release|x64.ActiveCfg = Release|Any CPU
		{B70D2DFF-413C-4DC6-85EB-82028FCD23C8}.Release|x64.Build.0 = Release|Any CPU
		{B70D2DFF-413C-4DC6-85EB-82028FCD23C8}.Release|x86.ActiveCfg = Release|Any CPU
		{B70D2DFF-413C-4DC6-85EB-82028FCD23C8}.Release|x86.Build.0 = Release|Any CPU
		{020BDC5C-C491-4588-A558-BA24841E115D}.Debug|Any CPU.ActiveCfg = Debug|Any CPU
		{020BDC5C-C491-4588-A558-BA24841E115D}.Debug|Any CPU.Build.0 = Debug|Any CPU
		{020BDC5C-C491-4588-A558-BA24841E115D}.Debug|x64.ActiveCfg = Debug|Any CPU
		{020BDC5C-C491-4588-A558-BA24841E115D}.Debug|x64.Build.0 = Debug|Any CPU
		{020BDC5C-C491-4588-A558-BA24841E115D}.Debug|x86.ActiveCfg = Debug|Any CPU
		{020BDC5C-C491-4588-A558-BA24841E115D}.Debug|x86.Build.0 = Debug|Any CPU
		{020BDC5C-C491-4588-A558-BA24841E115D}.Release|Any CPU.ActiveCfg = Release|Any CPU
		{020BDC5C-C491-4588-A558-BA24841E115D}.Release|Any CPU.Build.0 = Release|Any CPU
		{020BDC5C-C491-4588-A558-BA24841E115D}.Release|x64.ActiveCfg = Release|Any CPU
		{020BDC5C-C491-4588-A558-BA24841E115D}.Release|x64.Build.0 = Release|Any CPU
		{020BDC5C-C491-4588-A558-BA24841E115D}.Release|x86.ActiveCfg = Release|Any CPU
		{020BDC5C-C491-4588-A558-BA24841E115D}.Release|x86.Build.0 = Release|Any CPU
	EndGlobalSection
	GlobalSection(SolutionProperties) = preSolution
		HideSolutionNode = FALSE
	EndGlobalSection
EndGlobal
